
Microsoft Visual Studio Solution File, Format Version 12.00
# Visual Studio 14
VisualStudioVersion = 14.0.25420.1
MinimumVisualStudioVersion = 10.0.40219.1
Project("{FAE04EC0-301F-11D3-BF4B-00C04F79EFBC}") = "SandBox", "SandBox\SandBox.csproj", "{4AEE11FF-F7AA-42CF-9DC4-6937082FBE6C}"
EndProject
Project("{FAE04EC0-301F-11D3-BF4B-00C04F79EFBC}") = "Lotto", "Lotto\Lotto.csproj", "{5D1945EF-9483-403B-95C3-64534D30D6FE}"
EndProject
Project("{FAE04EC0-301F-11D3-BF4B-00C04F79EFBC}") = "Harjoitus1", "Harjoitus1\Harjoitus1.csproj", "{FE717739-C097-4A30-AAFF-0B3125F7E285}"
EndProject
Project("{FAE04EC0-301F-11D3-BF4B-00C04F79EFBC}") = "Harjoitus2", "Harjoitus2\Harjoitus2.csproj", "{4CD33E2D-C7BA-4566-9D9F-49A7300AFD9E}"
EndProject
Project("{FAE04EC0-301F-11D3-BF4B-00C04F79EFBC}") = "Harjoitus3", "Harjoitus3\Harjoitus3.csproj", "{F4524821-457F-41D2-ABB8-2ABB443D7D87}"
EndProject
Global
	GlobalSection(SolutionConfigurationPlatforms) = preSolution
		Debug|Any CPU = Debug|Any CPU
		Release|Any CPU = Release|Any CPU
	EndGlobalSection
	GlobalSection(ProjectConfigurationPlatforms) = postSolution
		{4AEE11FF-F7AA-42CF-9DC4-6937082FBE6C}.Debug|Any CPU.ActiveCfg = Debug|Any CPU
		{4AEE11FF-F7AA-42CF-9DC4-6937082FBE6C}.Debug|Any CPU.Build.0 = Debug|Any CPU
		{4AEE11FF-F7AA-42CF-9DC4-6937082FBE6C}.Release|Any CPU.ActiveCfg = Release|Any CPU
		{4AEE11FF-F7AA-42CF-9DC4-6937082FBE6C}.Release|Any CPU.Build.0 = Release|Any CPU
		{5D1945EF-9483-403B-95C3-64534D30D6FE}.Debug|Any CPU.ActiveCfg = Debug|Any CPU
		{5D1945EF-9483-403B-95C3-64534D30D6FE}.Debug|Any CPU.Build.0 = Debug|Any CPU
		{5D1945EF-9483-403B-95C3-64534D30D6FE}.Release|Any CPU.ActiveCfg = Release|Any CPU
		{5D1945EF-9483-403B-95C3-64534D30D6FE}.Release|Any CPU.Build.0 = Release|Any CPU
		{FE717739-C097-4A30-AAFF-0B3125F7E285}.Debug|Any CPU.ActiveCfg = Debug|Any CPU
		{FE717739-C097-4A30-AAFF-0B3125F7E285}.Debug|Any CPU.Build.0 = Debug|Any CPU
		{FE717739-C097-4A30-AAFF-0B3125F7E285}.Release|Any CPU.ActiveCfg = Release|Any CPU
		{FE717739-C097-4A30-AAFF-0B3125F7E285}.Release|Any CPU.Build.0 = Release|Any CPU
		{4CD33E2D-C7BA-4566-9D9F-49A7300AFD9E}.Debug|Any CPU.ActiveCfg = Debug|Any CPU
		{4CD33E2D-C7BA-4566-9D9F-49A7300AFD9E}.Debug|Any CPU.Build.0 = Debug|Any CPU
		{4CD33E2D-C7BA-4566-9D9F-49A7300AFD9E}.Release|Any CPU.ActiveCfg = Release|Any CPU
		{4CD33E2D-C7BA-4566-9D9F-49A7300AFD9E}.Release|Any CPU.Build.0 = Release|Any CPU
		{F4524821-457F-41D2-ABB8-2ABB443D7D87}.Debug|Any CPU.ActiveCfg = Debug|Any CPU
		{F4524821-457F-41D2-ABB8-2ABB443D7D87}.Debug|Any CPU.Build.0 = Debug|Any CPU
		{F4524821-457F-41D2-ABB8-2ABB443D7D87}.Release|Any CPU.ActiveCfg = Release|Any CPU
		{F4524821-457F-41D2-ABB8-2ABB443D7D87}.Release|Any CPU.Build.0 = Release|Any CPU
	EndGlobalSection
	GlobalSection(SolutionProperties) = preSolution
		HideSolutionNode = FALSE
	EndGlobalSection
EndGlobal
