
Microsoft Visual Studio Solution File, Format Version 12.00
# Visual Studio 14
VisualStudioVersion = 14.0.25420.1
MinimumVisualStudioVersion = 10.0.40219.1
Project("{FAE04EC0-301F-11D3-BF4B-00C04F79EFBC}") = "SandBox", "SandBox\SandBox.csproj", "{4AEE11FF-F7AA-42CF-9DC4-6937082FBE6C}"
EndProject
Project("{FAE04EC0-301F-11D3-BF4B-00C04F79EFBC}") = "Lotto", "introduction\Lotto\Lotto.csproj", "{5D1945EF-9483-403B-95C3-64534D30D6FE}"
EndProject
Project("{FAE04EC0-301F-11D3-BF4B-00C04F79EFBC}") = "Harjoitus1", "introduction\Harjoitus1\Harjoitus1.csproj", "{FE717739-C097-4A30-AAFF-0B3125F7E285}"
EndProject
Project("{FAE04EC0-301F-11D3-BF4B-00C04F79EFBC}") = "Harjoitus2", "introduction\Harjoitus2\Harjoitus2.csproj", "{4CD33E2D-C7BA-4566-9D9F-49A7300AFD9E}"
EndProject
Project("{FAE04EC0-301F-11D3-BF4B-00C04F79EFBC}") = "Harjoitus3", "introduction\Harjoitus3\Harjoitus3.csproj", "{F4524821-457F-41D2-ABB8-2ABB443D7D87}"
EndProject
Project("{FAE04EC0-301F-11D3-BF4B-00C04F79EFBC}") = "Harjoitus4", "introduction\Harjoitus4\Harjoitus4.csproj", "{EDB6A016-2649-4A58-9361-589F5B49CDC9}"
EndProject
Project("{FAE04EC0-301F-11D3-BF4B-00C04F79EFBC}") = "Harjoitus5", "introduction\Harjoitus5\Harjoitus5.csproj", "{672410B7-DEC4-4795-A7A5-C778B414519E}"
EndProject
Project("{FAE04EC0-301F-11D3-BF4B-00C04F79EFBC}") = "Harjoitus6", "introduction\Harjoitus6\Harjoitus6.csproj", "{7478381D-566A-4C77-93BC-F9F45F001842}"
EndProject
Project("{FAE04EC0-301F-11D3-BF4B-00C04F79EFBC}") = "Harjoitus7", "introduction\Harjoitus7\Harjoitus7.csproj", "{1B890C5B-FC33-41D3-A006-F4B53F86DDE6}"
EndProject
Project("{FAE04EC0-301F-11D3-BF4B-00C04F79EFBC}") = "Harjoitus8", "introduction\Harjoitus8\Harjoitus8.csproj", "{A9BA7A1A-E450-4BA4-AEA0-3061EEB638C6}"
EndProject
Project("{FAE04EC0-301F-11D3-BF4B-00C04F79EFBC}") = "Harjoitus9", "introduction\Harjoitus9\Harjoitus9.csproj", "{F582EF6C-F041-4409-9ECA-A31F1F5B4BCB}"
EndProject
Project("{FAE04EC0-301F-11D3-BF4B-00C04F79EFBC}") = "Harjoitus10", "introduction\Harjoitus10\Harjoitus10.csproj", "{3860EBC5-D62F-4131-B953-DE5D5056432F}"
EndProject
Project("{FAE04EC0-301F-11D3-BF4B-00C04F79EFBC}") = "Harjoitus11", "introduction\Harjoitus11\Harjoitus11.csproj", "{42DF6273-23D4-463E-B129-29AF2E0CAFD4}"
EndProject
Project("{FAE04EC0-301F-11D3-BF4B-00C04F79EFBC}") = "Harjoitus12", "introduction\Harjoitus12\Harjoitus12.csproj", "{33367B33-3485-4396-AB8F-440897831D34}"
EndProject
Project("{FAE04EC0-301F-11D3-BF4B-00C04F79EFBC}") = "Harjoitus13", "introduction\Harjoitus13\Harjoitus13.csproj", "{1F806447-7686-4801-9E96-025FC1C9E451}"
EndProject
Project("{FAE04EC0-301F-11D3-BF4B-00C04F79EFBC}") = "Harjoitus14", "introduction\Harjoitus14\Harjoitus14.csproj", "{87629946-9FC7-4419-83E1-F804047E75AE}"
EndProject
Project("{FAE04EC0-301F-11D3-BF4B-00C04F79EFBC}") = "Harjoitus15", "introduction\Harjoitus15\Harjoitus15.csproj", "{AB06FFE8-915A-4E3A-BC88-6DB8FC814D17}"
EndProject
Project("{FAE04EC0-301F-11D3-BF4B-00C04F79EFBC}") = "Harjoitus16", "introduction\Harjoitus16\Harjoitus16.csproj", "{CA775172-E853-46E8-AAB0-556B24CB3A64}"
EndProject
Project("{FAE04EC0-301F-11D3-BF4B-00C04F79EFBC}") = "Harjoitus17", "introduction\Harjoitus17\Harjoitus17.csproj", "{94ACE540-21AF-44C7-B2D8-3943CAFC0C47}"
EndProject
Project("{FAE04EC0-301F-11D3-BF4B-00C04F79EFBC}") = "Harjoitus18", "introduction\Harjoitus18\Harjoitus18.csproj", "{6E909D53-AD46-47E8-A09B-9F01A1AE82A5}"
EndProject
Project("{FAE04EC0-301F-11D3-BF4B-00C04F79EFBC}") = "Harjoitus19", "introduction\Harjoitus19\Harjoitus19.csproj", "{97F94D5D-F88E-46B7-8FD3-BA8F0A91F96E}"
EndProject
Project("{2150E333-8FDC-42A3-9474-1A3956D46DE8}") = "introduction", "introduction", "{D85C488F-7712-47DE-B463-6FFCD401B517}"
EndProject
Project("{2150E333-8FDC-42A3-9474-1A3956D46DE8}") = "OOPTasks", "OOPTasks", "{2F5B034F-ACD3-4603-8A80-BE583AA613B3}"
EndProject
Project("{FAE04EC0-301F-11D3-BF4B-00C04F79EFBC}") = "Harjoitus1", "OOPTasks\Harjoitus1\Harjoitus1.csproj", "{EEA0C25B-F816-4CF2-B8C1-FFCA6466F06B}"
EndProject
Project("{FAE04EC0-301F-11D3-BF4B-00C04F79EFBC}") = "Harjoitus4", "OOPTasks\Harjoitus4\Harjoitus4.csproj", "{71923F63-23A0-4D8A-BB49-032ECA502663}"
EndProject
Project("{FAE04EC0-301F-11D3-BF4B-00C04F79EFBC}") = "Harjoitus5", "OOPTasks\Harjoitus5\Harjoitus5.csproj", "{A83020CD-D9BE-4C23-87E2-EB775586F368}"
EndProject
Project("{FAE04EC0-301F-11D3-BF4B-00C04F79EFBC}") = "Harjoitus6", "OOPTasks\Harjoitus6\Harjoitus6.csproj", "{9EB025EE-726F-4220-89BD-CF206E219721}"
EndProject
Project("{FAE04EC0-301F-11D3-BF4B-00C04F79EFBC}") = "Harjoitus2", "OOPTasks\Harjoitus2\Harjoitus2.csproj", "{2F257F13-437F-411B-A6CC-0DBEE9F986C7}"
EndProject
Project("{FAE04EC0-301F-11D3-BF4B-00C04F79EFBC}") = "Harjoitus3", "OOPTasks\Harjoitus3\Harjoitus3.csproj", "{A442407F-4C51-4BDD-BF24-77E81A77F873}"
EndProject
Project("{2150E333-8FDC-42A3-9474-1A3956D46DE8}") = "Labra4", "Labra4", "{E7F1C4D3-B045-4BD3-B07C-FEDA8A6DA7D4}"
EndProject
Project("{FAE04EC0-301F-11D3-BF4B-00C04F79EFBC}") = "Harjoitus1", "OOPTasks-Labra4\Harjoitus1\Harjoitus1.csproj", "{5CF1E06B-5B27-4F38-BB1A-7FEAF8B2D5FF}"
EndProject
Project("{FAE04EC0-301F-11D3-BF4B-00C04F79EFBC}") = "Harjoitus2", "OOPTasks-Labra4\Harjoitus2\Harjoitus2.csproj", "{C9FFD8B1-1937-4595-B5E8-FAC0A54DFDB2}"
EndProject
Project("{FAE04EC0-301F-11D3-BF4B-00C04F79EFBC}") = "Harjoitus3", "OOPTasks-Labra4\Harjoitus3\Harjoitus3.csproj", "{BDCBE048-A5B5-4272-8D83-D9FAD9D7A134}"
EndProject
Project("{FAE04EC0-301F-11D3-BF4B-00C04F79EFBC}") = "Harjoitus4", "OOPTasks-Labra4\Harjoitus4\Harjoitus4.csproj", "{88B8F630-8BF3-497F-8A36-A72D3C3CADDB}"
EndProject
Global
	GlobalSection(SolutionConfigurationPlatforms) = preSolution
		Debug|Any CPU = Debug|Any CPU
		Release|Any CPU = Release|Any CPU
	EndGlobalSection
	GlobalSection(ProjectConfigurationPlatforms) = postSolution
		{4AEE11FF-F7AA-42CF-9DC4-6937082FBE6C}.Debug|Any CPU.ActiveCfg = Debug|Any CPU
		{4AEE11FF-F7AA-42CF-9DC4-6937082FBE6C}.Debug|Any CPU.Build.0 = Debug|Any CPU
		{4AEE11FF-F7AA-42CF-9DC4-6937082FBE6C}.Release|Any CPU.ActiveCfg = Release|Any CPU
		{4AEE11FF-F7AA-42CF-9DC4-6937082FBE6C}.Release|Any CPU.Build.0 = Release|Any CPU
		{5D1945EF-9483-403B-95C3-64534D30D6FE}.Debug|Any CPU.ActiveCfg = Debug|Any CPU
		{5D1945EF-9483-403B-95C3-64534D30D6FE}.Debug|Any CPU.Build.0 = Debug|Any CPU
		{5D1945EF-9483-403B-95C3-64534D30D6FE}.Release|Any CPU.ActiveCfg = Release|Any CPU
		{5D1945EF-9483-403B-95C3-64534D30D6FE}.Release|Any CPU.Build.0 = Release|Any CPU
		{FE717739-C097-4A30-AAFF-0B3125F7E285}.Debug|Any CPU.ActiveCfg = Debug|Any CPU
		{FE717739-C097-4A30-AAFF-0B3125F7E285}.Debug|Any CPU.Build.0 = Debug|Any CPU
		{FE717739-C097-4A30-AAFF-0B3125F7E285}.Release|Any CPU.ActiveCfg = Release|Any CPU
		{FE717739-C097-4A30-AAFF-0B3125F7E285}.Release|Any CPU.Build.0 = Release|Any CPU
		{4CD33E2D-C7BA-4566-9D9F-49A7300AFD9E}.Debug|Any CPU.ActiveCfg = Debug|Any CPU
		{4CD33E2D-C7BA-4566-9D9F-49A7300AFD9E}.Debug|Any CPU.Build.0 = Debug|Any CPU
		{4CD33E2D-C7BA-4566-9D9F-49A7300AFD9E}.Release|Any CPU.ActiveCfg = Release|Any CPU
		{4CD33E2D-C7BA-4566-9D9F-49A7300AFD9E}.Release|Any CPU.Build.0 = Release|Any CPU
		{F4524821-457F-41D2-ABB8-2ABB443D7D87}.Debug|Any CPU.ActiveCfg = Debug|Any CPU
		{F4524821-457F-41D2-ABB8-2ABB443D7D87}.Debug|Any CPU.Build.0 = Debug|Any CPU
		{F4524821-457F-41D2-ABB8-2ABB443D7D87}.Release|Any CPU.ActiveCfg = Release|Any CPU
		{F4524821-457F-41D2-ABB8-2ABB443D7D87}.Release|Any CPU.Build.0 = Release|Any CPU
		{EDB6A016-2649-4A58-9361-589F5B49CDC9}.Debug|Any CPU.ActiveCfg = Debug|Any CPU
		{EDB6A016-2649-4A58-9361-589F5B49CDC9}.Debug|Any CPU.Build.0 = Debug|Any CPU
		{EDB6A016-2649-4A58-9361-589F5B49CDC9}.Release|Any CPU.ActiveCfg = Release|Any CPU
		{EDB6A016-2649-4A58-9361-589F5B49CDC9}.Release|Any CPU.Build.0 = Release|Any CPU
		{672410B7-DEC4-4795-A7A5-C778B414519E}.Debug|Any CPU.ActiveCfg = Debug|Any CPU
		{672410B7-DEC4-4795-A7A5-C778B414519E}.Debug|Any CPU.Build.0 = Debug|Any CPU
		{672410B7-DEC4-4795-A7A5-C778B414519E}.Release|Any CPU.ActiveCfg = Release|Any CPU
		{672410B7-DEC4-4795-A7A5-C778B414519E}.Release|Any CPU.Build.0 = Release|Any CPU
		{7478381D-566A-4C77-93BC-F9F45F001842}.Debug|Any CPU.ActiveCfg = Debug|Any CPU
		{7478381D-566A-4C77-93BC-F9F45F001842}.Debug|Any CPU.Build.0 = Debug|Any CPU
		{7478381D-566A-4C77-93BC-F9F45F001842}.Release|Any CPU.ActiveCfg = Release|Any CPU
		{7478381D-566A-4C77-93BC-F9F45F001842}.Release|Any CPU.Build.0 = Release|Any CPU
		{1B890C5B-FC33-41D3-A006-F4B53F86DDE6}.Debug|Any CPU.ActiveCfg = Debug|Any CPU
		{1B890C5B-FC33-41D3-A006-F4B53F86DDE6}.Debug|Any CPU.Build.0 = Debug|Any CPU
		{1B890C5B-FC33-41D3-A006-F4B53F86DDE6}.Release|Any CPU.ActiveCfg = Release|Any CPU
		{1B890C5B-FC33-41D3-A006-F4B53F86DDE6}.Release|Any CPU.Build.0 = Release|Any CPU
		{A9BA7A1A-E450-4BA4-AEA0-3061EEB638C6}.Debug|Any CPU.ActiveCfg = Debug|Any CPU
		{A9BA7A1A-E450-4BA4-AEA0-3061EEB638C6}.Debug|Any CPU.Build.0 = Debug|Any CPU
		{A9BA7A1A-E450-4BA4-AEA0-3061EEB638C6}.Release|Any CPU.ActiveCfg = Release|Any CPU
		{A9BA7A1A-E450-4BA4-AEA0-3061EEB638C6}.Release|Any CPU.Build.0 = Release|Any CPU
		{F582EF6C-F041-4409-9ECA-A31F1F5B4BCB}.Debug|Any CPU.ActiveCfg = Debug|Any CPU
		{F582EF6C-F041-4409-9ECA-A31F1F5B4BCB}.Debug|Any CPU.Build.0 = Debug|Any CPU
		{F582EF6C-F041-4409-9ECA-A31F1F5B4BCB}.Release|Any CPU.ActiveCfg = Release|Any CPU
		{F582EF6C-F041-4409-9ECA-A31F1F5B4BCB}.Release|Any CPU.Build.0 = Release|Any CPU
		{3860EBC5-D62F-4131-B953-DE5D5056432F}.Debug|Any CPU.ActiveCfg = Debug|Any CPU
		{3860EBC5-D62F-4131-B953-DE5D5056432F}.Debug|Any CPU.Build.0 = Debug|Any CPU
		{3860EBC5-D62F-4131-B953-DE5D5056432F}.Release|Any CPU.ActiveCfg = Release|Any CPU
		{3860EBC5-D62F-4131-B953-DE5D5056432F}.Release|Any CPU.Build.0 = Release|Any CPU
		{42DF6273-23D4-463E-B129-29AF2E0CAFD4}.Debug|Any CPU.ActiveCfg = Debug|Any CPU
		{42DF6273-23D4-463E-B129-29AF2E0CAFD4}.Debug|Any CPU.Build.0 = Debug|Any CPU
		{42DF6273-23D4-463E-B129-29AF2E0CAFD4}.Release|Any CPU.ActiveCfg = Release|Any CPU
		{42DF6273-23D4-463E-B129-29AF2E0CAFD4}.Release|Any CPU.Build.0 = Release|Any CPU
		{33367B33-3485-4396-AB8F-440897831D34}.Debug|Any CPU.ActiveCfg = Debug|Any CPU
		{33367B33-3485-4396-AB8F-440897831D34}.Debug|Any CPU.Build.0 = Debug|Any CPU
		{33367B33-3485-4396-AB8F-440897831D34}.Release|Any CPU.ActiveCfg = Release|Any CPU
		{33367B33-3485-4396-AB8F-440897831D34}.Release|Any CPU.Build.0 = Release|Any CPU
		{1F806447-7686-4801-9E96-025FC1C9E451}.Debug|Any CPU.ActiveCfg = Debug|Any CPU
		{1F806447-7686-4801-9E96-025FC1C9E451}.Debug|Any CPU.Build.0 = Debug|Any CPU
		{1F806447-7686-4801-9E96-025FC1C9E451}.Release|Any CPU.ActiveCfg = Release|Any CPU
		{1F806447-7686-4801-9E96-025FC1C9E451}.Release|Any CPU.Build.0 = Release|Any CPU
		{87629946-9FC7-4419-83E1-F804047E75AE}.Debug|Any CPU.ActiveCfg = Debug|Any CPU
		{87629946-9FC7-4419-83E1-F804047E75AE}.Debug|Any CPU.Build.0 = Debug|Any CPU
		{87629946-9FC7-4419-83E1-F804047E75AE}.Release|Any CPU.ActiveCfg = Release|Any CPU
		{87629946-9FC7-4419-83E1-F804047E75AE}.Release|Any CPU.Build.0 = Release|Any CPU
		{AB06FFE8-915A-4E3A-BC88-6DB8FC814D17}.Debug|Any CPU.ActiveCfg = Debug|Any CPU
		{AB06FFE8-915A-4E3A-BC88-6DB8FC814D17}.Debug|Any CPU.Build.0 = Debug|Any CPU
		{AB06FFE8-915A-4E3A-BC88-6DB8FC814D17}.Release|Any CPU.ActiveCfg = Release|Any CPU
		{AB06FFE8-915A-4E3A-BC88-6DB8FC814D17}.Release|Any CPU.Build.0 = Release|Any CPU
		{CA775172-E853-46E8-AAB0-556B24CB3A64}.Debug|Any CPU.ActiveCfg = Debug|Any CPU
		{CA775172-E853-46E8-AAB0-556B24CB3A64}.Debug|Any CPU.Build.0 = Debug|Any CPU
		{CA775172-E853-46E8-AAB0-556B24CB3A64}.Release|Any CPU.ActiveCfg = Release|Any CPU
		{CA775172-E853-46E8-AAB0-556B24CB3A64}.Release|Any CPU.Build.0 = Release|Any CPU
		{94ACE540-21AF-44C7-B2D8-3943CAFC0C47}.Debug|Any CPU.ActiveCfg = Debug|Any CPU
		{94ACE540-21AF-44C7-B2D8-3943CAFC0C47}.Debug|Any CPU.Build.0 = Debug|Any CPU
		{94ACE540-21AF-44C7-B2D8-3943CAFC0C47}.Release|Any CPU.ActiveCfg = Release|Any CPU
		{94ACE540-21AF-44C7-B2D8-3943CAFC0C47}.Release|Any CPU.Build.0 = Release|Any CPU
		{6E909D53-AD46-47E8-A09B-9F01A1AE82A5}.Debug|Any CPU.ActiveCfg = Debug|Any CPU
		{6E909D53-AD46-47E8-A09B-9F01A1AE82A5}.Debug|Any CPU.Build.0 = Debug|Any CPU
		{6E909D53-AD46-47E8-A09B-9F01A1AE82A5}.Release|Any CPU.ActiveCfg = Release|Any CPU
		{6E909D53-AD46-47E8-A09B-9F01A1AE82A5}.Release|Any CPU.Build.0 = Release|Any CPU
		{97F94D5D-F88E-46B7-8FD3-BA8F0A91F96E}.Debug|Any CPU.ActiveCfg = Debug|Any CPU
		{97F94D5D-F88E-46B7-8FD3-BA8F0A91F96E}.Debug|Any CPU.Build.0 = Debug|Any CPU
		{97F94D5D-F88E-46B7-8FD3-BA8F0A91F96E}.Release|Any CPU.ActiveCfg = Release|Any CPU
		{97F94D5D-F88E-46B7-8FD3-BA8F0A91F96E}.Release|Any CPU.Build.0 = Release|Any CPU
		{EEA0C25B-F816-4CF2-B8C1-FFCA6466F06B}.Debug|Any CPU.ActiveCfg = Debug|Any CPU
		{EEA0C25B-F816-4CF2-B8C1-FFCA6466F06B}.Debug|Any CPU.Build.0 = Debug|Any CPU
		{EEA0C25B-F816-4CF2-B8C1-FFCA6466F06B}.Release|Any CPU.ActiveCfg = Release|Any CPU
		{EEA0C25B-F816-4CF2-B8C1-FFCA6466F06B}.Release|Any CPU.Build.0 = Release|Any CPU
		{71923F63-23A0-4D8A-BB49-032ECA502663}.Debug|Any CPU.ActiveCfg = Debug|Any CPU
		{71923F63-23A0-4D8A-BB49-032ECA502663}.Debug|Any CPU.Build.0 = Debug|Any CPU
		{71923F63-23A0-4D8A-BB49-032ECA502663}.Release|Any CPU.ActiveCfg = Release|Any CPU
		{71923F63-23A0-4D8A-BB49-032ECA502663}.Release|Any CPU.Build.0 = Release|Any CPU
		{A83020CD-D9BE-4C23-87E2-EB775586F368}.Debug|Any CPU.ActiveCfg = Debug|Any CPU
		{A83020CD-D9BE-4C23-87E2-EB775586F368}.Debug|Any CPU.Build.0 = Debug|Any CPU
		{A83020CD-D9BE-4C23-87E2-EB775586F368}.Release|Any CPU.ActiveCfg = Release|Any CPU
		{A83020CD-D9BE-4C23-87E2-EB775586F368}.Release|Any CPU.Build.0 = Release|Any CPU
		{9EB025EE-726F-4220-89BD-CF206E219721}.Debug|Any CPU.ActiveCfg = Debug|Any CPU
		{9EB025EE-726F-4220-89BD-CF206E219721}.Debug|Any CPU.Build.0 = Debug|Any CPU
		{9EB025EE-726F-4220-89BD-CF206E219721}.Release|Any CPU.ActiveCfg = Release|Any CPU
		{9EB025EE-726F-4220-89BD-CF206E219721}.Release|Any CPU.Build.0 = Release|Any CPU
		{2F257F13-437F-411B-A6CC-0DBEE9F986C7}.Debug|Any CPU.ActiveCfg = Debug|Any CPU
		{2F257F13-437F-411B-A6CC-0DBEE9F986C7}.Debug|Any CPU.Build.0 = Debug|Any CPU
		{2F257F13-437F-411B-A6CC-0DBEE9F986C7}.Release|Any CPU.ActiveCfg = Release|Any CPU
		{2F257F13-437F-411B-A6CC-0DBEE9F986C7}.Release|Any CPU.Build.0 = Release|Any CPU
		{A442407F-4C51-4BDD-BF24-77E81A77F873}.Debug|Any CPU.ActiveCfg = Debug|Any CPU
		{A442407F-4C51-4BDD-BF24-77E81A77F873}.Debug|Any CPU.Build.0 = Debug|Any CPU
		{A442407F-4C51-4BDD-BF24-77E81A77F873}.Release|Any CPU.ActiveCfg = Release|Any CPU
		{A442407F-4C51-4BDD-BF24-77E81A77F873}.Release|Any CPU.Build.0 = Release|Any CPU
		{5CF1E06B-5B27-4F38-BB1A-7FEAF8B2D5FF}.Debug|Any CPU.ActiveCfg = Debug|Any CPU
		{5CF1E06B-5B27-4F38-BB1A-7FEAF8B2D5FF}.Debug|Any CPU.Build.0 = Debug|Any CPU
		{5CF1E06B-5B27-4F38-BB1A-7FEAF8B2D5FF}.Release|Any CPU.ActiveCfg = Release|Any CPU
		{5CF1E06B-5B27-4F38-BB1A-7FEAF8B2D5FF}.Release|Any CPU.Build.0 = Release|Any CPU
		{C9FFD8B1-1937-4595-B5E8-FAC0A54DFDB2}.Debug|Any CPU.ActiveCfg = Debug|Any CPU
		{C9FFD8B1-1937-4595-B5E8-FAC0A54DFDB2}.Debug|Any CPU.Build.0 = Debug|Any CPU
		{C9FFD8B1-1937-4595-B5E8-FAC0A54DFDB2}.Release|Any CPU.ActiveCfg = Release|Any CPU
		{C9FFD8B1-1937-4595-B5E8-FAC0A54DFDB2}.Release|Any CPU.Build.0 = Release|Any CPU
		{BDCBE048-A5B5-4272-8D83-D9FAD9D7A134}.Debug|Any CPU.ActiveCfg = Debug|Any CPU
		{BDCBE048-A5B5-4272-8D83-D9FAD9D7A134}.Debug|Any CPU.Build.0 = Debug|Any CPU
		{BDCBE048-A5B5-4272-8D83-D9FAD9D7A134}.Release|Any CPU.ActiveCfg = Release|Any CPU
		{BDCBE048-A5B5-4272-8D83-D9FAD9D7A134}.Release|Any CPU.Build.0 = Release|Any CPU
		{88B8F630-8BF3-497F-8A36-A72D3C3CADDB}.Debug|Any CPU.ActiveCfg = Debug|Any CPU
		{88B8F630-8BF3-497F-8A36-A72D3C3CADDB}.Debug|Any CPU.Build.0 = Debug|Any CPU
		{88B8F630-8BF3-497F-8A36-A72D3C3CADDB}.Release|Any CPU.ActiveCfg = Release|Any CPU
		{88B8F630-8BF3-497F-8A36-A72D3C3CADDB}.Release|Any CPU.Build.0 = Release|Any CPU
	EndGlobalSection
	GlobalSection(SolutionProperties) = preSolution
		HideSolutionNode = FALSE
	EndGlobalSection
	GlobalSection(NestedProjects) = preSolution
		{5D1945EF-9483-403B-95C3-64534D30D6FE} = {D85C488F-7712-47DE-B463-6FFCD401B517}
		{FE717739-C097-4A30-AAFF-0B3125F7E285} = {D85C488F-7712-47DE-B463-6FFCD401B517}
		{4CD33E2D-C7BA-4566-9D9F-49A7300AFD9E} = {D85C488F-7712-47DE-B463-6FFCD401B517}
		{F4524821-457F-41D2-ABB8-2ABB443D7D87} = {D85C488F-7712-47DE-B463-6FFCD401B517}
		{EDB6A016-2649-4A58-9361-589F5B49CDC9} = {D85C488F-7712-47DE-B463-6FFCD401B517}
		{672410B7-DEC4-4795-A7A5-C778B414519E} = {D85C488F-7712-47DE-B463-6FFCD401B517}
		{7478381D-566A-4C77-93BC-F9F45F001842} = {D85C488F-7712-47DE-B463-6FFCD401B517}
		{1B890C5B-FC33-41D3-A006-F4B53F86DDE6} = {D85C488F-7712-47DE-B463-6FFCD401B517}
		{A9BA7A1A-E450-4BA4-AEA0-3061EEB638C6} = {D85C488F-7712-47DE-B463-6FFCD401B517}
		{F582EF6C-F041-4409-9ECA-A31F1F5B4BCB} = {D85C488F-7712-47DE-B463-6FFCD401B517}
		{3860EBC5-D62F-4131-B953-DE5D5056432F} = {D85C488F-7712-47DE-B463-6FFCD401B517}
		{42DF6273-23D4-463E-B129-29AF2E0CAFD4} = {D85C488F-7712-47DE-B463-6FFCD401B517}
		{33367B33-3485-4396-AB8F-440897831D34} = {D85C488F-7712-47DE-B463-6FFCD401B517}
		{1F806447-7686-4801-9E96-025FC1C9E451} = {D85C488F-7712-47DE-B463-6FFCD401B517}
		{87629946-9FC7-4419-83E1-F804047E75AE} = {D85C488F-7712-47DE-B463-6FFCD401B517}
		{AB06FFE8-915A-4E3A-BC88-6DB8FC814D17} = {D85C488F-7712-47DE-B463-6FFCD401B517}
		{CA775172-E853-46E8-AAB0-556B24CB3A64} = {D85C488F-7712-47DE-B463-6FFCD401B517}
		{94ACE540-21AF-44C7-B2D8-3943CAFC0C47} = {D85C488F-7712-47DE-B463-6FFCD401B517}
		{6E909D53-AD46-47E8-A09B-9F01A1AE82A5} = {D85C488F-7712-47DE-B463-6FFCD401B517}
		{97F94D5D-F88E-46B7-8FD3-BA8F0A91F96E} = {D85C488F-7712-47DE-B463-6FFCD401B517}
		{EEA0C25B-F816-4CF2-B8C1-FFCA6466F06B} = {2F5B034F-ACD3-4603-8A80-BE583AA613B3}
		{71923F63-23A0-4D8A-BB49-032ECA502663} = {2F5B034F-ACD3-4603-8A80-BE583AA613B3}
		{A83020CD-D9BE-4C23-87E2-EB775586F368} = {2F5B034F-ACD3-4603-8A80-BE583AA613B3}
		{9EB025EE-726F-4220-89BD-CF206E219721} = {2F5B034F-ACD3-4603-8A80-BE583AA613B3}
		{2F257F13-437F-411B-A6CC-0DBEE9F986C7} = {2F5B034F-ACD3-4603-8A80-BE583AA613B3}
		{A442407F-4C51-4BDD-BF24-77E81A77F873} = {2F5B034F-ACD3-4603-8A80-BE583AA613B3}
		{5CF1E06B-5B27-4F38-BB1A-7FEAF8B2D5FF} = {E7F1C4D3-B045-4BD3-B07C-FEDA8A6DA7D4}
		{C9FFD8B1-1937-4595-B5E8-FAC0A54DFDB2} = {E7F1C4D3-B045-4BD3-B07C-FEDA8A6DA7D4}
		{BDCBE048-A5B5-4272-8D83-D9FAD9D7A134} = {E7F1C4D3-B045-4BD3-B07C-FEDA8A6DA7D4}
		{88B8F630-8BF3-497F-8A36-A72D3C3CADDB} = {E7F1C4D3-B045-4BD3-B07C-FEDA8A6DA7D4}
	EndGlobalSection
EndGlobal
