
Microsoft Visual Studio Solution File, Format Version 12.00
# Visual Studio 14
VisualStudioVersion = 14.0.25420.1
MinimumVisualStudioVersion = 10.0.40219.1
Project("{FAE04EC0-301F-11D3-BF4B-00C04F79EFBC}") = "SandBox", "SandBox\SandBox.csproj", "{4AEE11FF-F7AA-42CF-9DC4-6937082FBE6C}"
EndProject
Project("{FAE04EC0-301F-11D3-BF4B-00C04F79EFBC}") = "Lotto", "Lotto\Lotto.csproj", "{5D1945EF-9483-403B-95C3-64534D30D6FE}"
EndProject
Project("{FAE04EC0-301F-11D3-BF4B-00C04F79EFBC}") = "Harjoitus1", "Harjoitus1\Harjoitus1.csproj", "{FE717739-C097-4A30-AAFF-0B3125F7E285}"
EndProject
Project("{FAE04EC0-301F-11D3-BF4B-00C04F79EFBC}") = "Harjoitus2", "Harjoitus2\Harjoitus2.csproj", "{4CD33E2D-C7BA-4566-9D9F-49A7300AFD9E}"
EndProject
Project("{FAE04EC0-301F-11D3-BF4B-00C04F79EFBC}") = "Harjoitus3", "Harjoitus3\Harjoitus3.csproj", "{F4524821-457F-41D2-ABB8-2ABB443D7D87}"
EndProject
Project("{FAE04EC0-301F-11D3-BF4B-00C04F79EFBC}") = "Harjoitus4", "Harjoitus4\Harjoitus4.csproj", "{EDB6A016-2649-4A58-9361-589F5B49CDC9}"
EndProject
Project("{FAE04EC0-301F-11D3-BF4B-00C04F79EFBC}") = "Harjoitus5", "Harjoitus5\Harjoitus5.csproj", "{672410B7-DEC4-4795-A7A5-C778B414519E}"
EndProject
Project("{FAE04EC0-301F-11D3-BF4B-00C04F79EFBC}") = "Harjoitus6", "Harjoitus6\Harjoitus6.csproj", "{7478381D-566A-4C77-93BC-F9F45F001842}"
EndProject
Project("{FAE04EC0-301F-11D3-BF4B-00C04F79EFBC}") = "Harjoitus7", "Harjoitus7\Harjoitus7.csproj", "{1B890C5B-FC33-41D3-A006-F4B53F86DDE6}"
EndProject
Project("{FAE04EC0-301F-11D3-BF4B-00C04F79EFBC}") = "Harjoitus8", "Harjoitus8\Harjoitus8.csproj", "{A9BA7A1A-E450-4BA4-AEA0-3061EEB638C6}"
EndProject
Project("{FAE04EC0-301F-11D3-BF4B-00C04F79EFBC}") = "Harjoitus9", "Harjoitus9\Harjoitus9.csproj", "{F582EF6C-F041-4409-9ECA-A31F1F5B4BCB}"
EndProject
Project("{FAE04EC0-301F-11D3-BF4B-00C04F79EFBC}") = "Harjoitus10", "Harjoitus10\Harjoitus10.csproj", "{3860EBC5-D62F-4131-B953-DE5D5056432F}"
EndProject
Project("{FAE04EC0-301F-11D3-BF4B-00C04F79EFBC}") = "Harjoitus11", "Harjoitus11\Harjoitus11.csproj", "{42DF6273-23D4-463E-B129-29AF2E0CAFD4}"
EndProject
Project("{FAE04EC0-301F-11D3-BF4B-00C04F79EFBC}") = "Harjoitus12", "Harjoitus12\Harjoitus12.csproj", "{33367B33-3485-4396-AB8F-440897831D34}"
EndProject
Project("{FAE04EC0-301F-11D3-BF4B-00C04F79EFBC}") = "Harjoitus13", "Harjoitus13\Harjoitus13.csproj", "{1F806447-7686-4801-9E96-025FC1C9E451}"
EndProject
Project("{FAE04EC0-301F-11D3-BF4B-00C04F79EFBC}") = "Harjoitus14", "Harjoitus14\Harjoitus14.csproj", "{87629946-9FC7-4419-83E1-F804047E75AE}"
EndProject
Global
	GlobalSection(SolutionConfigurationPlatforms) = preSolution
		Debug|Any CPU = Debug|Any CPU
		Release|Any CPU = Release|Any CPU
	EndGlobalSection
	GlobalSection(ProjectConfigurationPlatforms) = postSolution
		{4AEE11FF-F7AA-42CF-9DC4-6937082FBE6C}.Debug|Any CPU.ActiveCfg = Debug|Any CPU
		{4AEE11FF-F7AA-42CF-9DC4-6937082FBE6C}.Debug|Any CPU.Build.0 = Debug|Any CPU
		{4AEE11FF-F7AA-42CF-9DC4-6937082FBE6C}.Release|Any CPU.ActiveCfg = Release|Any CPU
		{4AEE11FF-F7AA-42CF-9DC4-6937082FBE6C}.Release|Any CPU.Build.0 = Release|Any CPU
		{5D1945EF-9483-403B-95C3-64534D30D6FE}.Debug|Any CPU.ActiveCfg = Debug|Any CPU
		{5D1945EF-9483-403B-95C3-64534D30D6FE}.Debug|Any CPU.Build.0 = Debug|Any CPU
		{5D1945EF-9483-403B-95C3-64534D30D6FE}.Release|Any CPU.ActiveCfg = Release|Any CPU
		{5D1945EF-9483-403B-95C3-64534D30D6FE}.Release|Any CPU.Build.0 = Release|Any CPU
		{FE717739-C097-4A30-AAFF-0B3125F7E285}.Debug|Any CPU.ActiveCfg = Debug|Any CPU
		{FE717739-C097-4A30-AAFF-0B3125F7E285}.Debug|Any CPU.Build.0 = Debug|Any CPU
		{FE717739-C097-4A30-AAFF-0B3125F7E285}.Release|Any CPU.ActiveCfg = Release|Any CPU
		{FE717739-C097-4A30-AAFF-0B3125F7E285}.Release|Any CPU.Build.0 = Release|Any CPU
		{4CD33E2D-C7BA-4566-9D9F-49A7300AFD9E}.Debug|Any CPU.ActiveCfg = Debug|Any CPU
		{4CD33E2D-C7BA-4566-9D9F-49A7300AFD9E}.Debug|Any CPU.Build.0 = Debug|Any CPU
		{4CD33E2D-C7BA-4566-9D9F-49A7300AFD9E}.Release|Any CPU.ActiveCfg = Release|Any CPU
		{4CD33E2D-C7BA-4566-9D9F-49A7300AFD9E}.Release|Any CPU.Build.0 = Release|Any CPU
		{F4524821-457F-41D2-ABB8-2ABB443D7D87}.Debug|Any CPU.ActiveCfg = Debug|Any CPU
		{F4524821-457F-41D2-ABB8-2ABB443D7D87}.Debug|Any CPU.Build.0 = Debug|Any CPU
		{F4524821-457F-41D2-ABB8-2ABB443D7D87}.Release|Any CPU.ActiveCfg = Release|Any CPU
		{F4524821-457F-41D2-ABB8-2ABB443D7D87}.Release|Any CPU.Build.0 = Release|Any CPU
		{EDB6A016-2649-4A58-9361-589F5B49CDC9}.Debug|Any CPU.ActiveCfg = Debug|Any CPU
		{EDB6A016-2649-4A58-9361-589F5B49CDC9}.Debug|Any CPU.Build.0 = Debug|Any CPU
		{EDB6A016-2649-4A58-9361-589F5B49CDC9}.Release|Any CPU.ActiveCfg = Release|Any CPU
		{EDB6A016-2649-4A58-9361-589F5B49CDC9}.Release|Any CPU.Build.0 = Release|Any CPU
		{672410B7-DEC4-4795-A7A5-C778B414519E}.Debug|Any CPU.ActiveCfg = Debug|Any CPU
		{672410B7-DEC4-4795-A7A5-C778B414519E}.Debug|Any CPU.Build.0 = Debug|Any CPU
		{672410B7-DEC4-4795-A7A5-C778B414519E}.Release|Any CPU.ActiveCfg = Release|Any CPU
		{672410B7-DEC4-4795-A7A5-C778B414519E}.Release|Any CPU.Build.0 = Release|Any CPU
		{7478381D-566A-4C77-93BC-F9F45F001842}.Debug|Any CPU.ActiveCfg = Debug|Any CPU
		{7478381D-566A-4C77-93BC-F9F45F001842}.Debug|Any CPU.Build.0 = Debug|Any CPU
		{7478381D-566A-4C77-93BC-F9F45F001842}.Release|Any CPU.ActiveCfg = Release|Any CPU
		{7478381D-566A-4C77-93BC-F9F45F001842}.Release|Any CPU.Build.0 = Release|Any CPU
		{1B890C5B-FC33-41D3-A006-F4B53F86DDE6}.Debug|Any CPU.ActiveCfg = Debug|Any CPU
		{1B890C5B-FC33-41D3-A006-F4B53F86DDE6}.Debug|Any CPU.Build.0 = Debug|Any CPU
		{1B890C5B-FC33-41D3-A006-F4B53F86DDE6}.Release|Any CPU.ActiveCfg = Release|Any CPU
		{1B890C5B-FC33-41D3-A006-F4B53F86DDE6}.Release|Any CPU.Build.0 = Release|Any CPU
		{A9BA7A1A-E450-4BA4-AEA0-3061EEB638C6}.Debug|Any CPU.ActiveCfg = Debug|Any CPU
		{A9BA7A1A-E450-4BA4-AEA0-3061EEB638C6}.Debug|Any CPU.Build.0 = Debug|Any CPU
		{A9BA7A1A-E450-4BA4-AEA0-3061EEB638C6}.Release|Any CPU.ActiveCfg = Release|Any CPU
		{A9BA7A1A-E450-4BA4-AEA0-3061EEB638C6}.Release|Any CPU.Build.0 = Release|Any CPU
		{F582EF6C-F041-4409-9ECA-A31F1F5B4BCB}.Debug|Any CPU.ActiveCfg = Debug|Any CPU
		{F582EF6C-F041-4409-9ECA-A31F1F5B4BCB}.Debug|Any CPU.Build.0 = Debug|Any CPU
		{F582EF6C-F041-4409-9ECA-A31F1F5B4BCB}.Release|Any CPU.ActiveCfg = Release|Any CPU
		{F582EF6C-F041-4409-9ECA-A31F1F5B4BCB}.Release|Any CPU.Build.0 = Release|Any CPU
		{3860EBC5-D62F-4131-B953-DE5D5056432F}.Debug|Any CPU.ActiveCfg = Debug|Any CPU
		{3860EBC5-D62F-4131-B953-DE5D5056432F}.Debug|Any CPU.Build.0 = Debug|Any CPU
		{3860EBC5-D62F-4131-B953-DE5D5056432F}.Release|Any CPU.ActiveCfg = Release|Any CPU
		{3860EBC5-D62F-4131-B953-DE5D5056432F}.Release|Any CPU.Build.0 = Release|Any CPU
		{42DF6273-23D4-463E-B129-29AF2E0CAFD4}.Debug|Any CPU.ActiveCfg = Debug|Any CPU
		{42DF6273-23D4-463E-B129-29AF2E0CAFD4}.Debug|Any CPU.Build.0 = Debug|Any CPU
		{42DF6273-23D4-463E-B129-29AF2E0CAFD4}.Release|Any CPU.ActiveCfg = Release|Any CPU
		{42DF6273-23D4-463E-B129-29AF2E0CAFD4}.Release|Any CPU.Build.0 = Release|Any CPU
		{33367B33-3485-4396-AB8F-440897831D34}.Debug|Any CPU.ActiveCfg = Debug|Any CPU
		{33367B33-3485-4396-AB8F-440897831D34}.Debug|Any CPU.Build.0 = Debug|Any CPU
		{33367B33-3485-4396-AB8F-440897831D34}.Release|Any CPU.ActiveCfg = Release|Any CPU
		{33367B33-3485-4396-AB8F-440897831D34}.Release|Any CPU.Build.0 = Release|Any CPU
		{1F806447-7686-4801-9E96-025FC1C9E451}.Debug|Any CPU.ActiveCfg = Debug|Any CPU
		{1F806447-7686-4801-9E96-025FC1C9E451}.Debug|Any CPU.Build.0 = Debug|Any CPU
		{1F806447-7686-4801-9E96-025FC1C9E451}.Release|Any CPU.ActiveCfg = Release|Any CPU
		{1F806447-7686-4801-9E96-025FC1C9E451}.Release|Any CPU.Build.0 = Release|Any CPU
		{87629946-9FC7-4419-83E1-F804047E75AE}.Debug|Any CPU.ActiveCfg = Debug|Any CPU
		{87629946-9FC7-4419-83E1-F804047E75AE}.Debug|Any CPU.Build.0 = Debug|Any CPU
		{87629946-9FC7-4419-83E1-F804047E75AE}.Release|Any CPU.ActiveCfg = Release|Any CPU
		{87629946-9FC7-4419-83E1-F804047E75AE}.Release|Any CPU.Build.0 = Release|Any CPU
	EndGlobalSection
	GlobalSection(SolutionProperties) = preSolution
		HideSolutionNode = FALSE
	EndGlobalSection
EndGlobal
